
Microsoft Visual Studio Solution File, Format Version 12.00
# Visual Studio Version 17
VisualStudioVersion = 17.14.36414.22
MinimumVisualStudioVersion = 10.0.40219.1
Project("{FAE04EC0-301F-11D3-BF4B-00C04F79EFBC}") = "GestionSolicitudes", "GestionSolicitudes\GestionSolicitudes.csproj", "{7E05DEB9-C41D-498D-A943-912EC35B06C9}"
EndProject
Global
	GlobalSection(SolutionConfigurationPlatforms) = preSolution
		Debug|Any CPU = Debug|Any CPU
		Release|Any CPU = Release|Any CPU
	EndGlobalSection
	GlobalSection(ProjectConfigurationPlatforms) = postSolution
		{7E05DEB9-C41D-498D-A943-912EC35B06C9}.Debug|Any CPU.ActiveCfg = Debug|Any CPU
		{7E05DEB9-C41D-498D-A943-912EC35B06C9}.Debug|Any CPU.Build.0 = Debug|Any CPU
		{7E05DEB9-C41D-498D-A943-912EC35B06C9}.Release|Any CPU.ActiveCfg = Release|Any CPU
		{7E05DEB9-C41D-498D-A943-912EC35B06C9}.Release|Any CPU.Build.0 = Release|Any CPU
	EndGlobalSection
	GlobalSection(SolutionProperties) = preSolution
		HideSolutionNode = FALSE
	EndGlobalSection
	GlobalSection(ExtensibilityGlobals) = postSolution
		SolutionGuid = {7B7E4A87-104A-482F-BF11-C6DDF74A2DAC}
	EndGlobalSection
EndGlobal
